
Microsoft Visual Studio Solution File, Format Version 12.00
# Visual Studio 14
VisualStudioVersion = 14.0.23107.0
MinimumVisualStudioVersion = 10.0.40219.1
Project("{FAE04EC0-301F-11D3-BF4B-00C04F79EFBC}") = "EsnCore", "EsnCore\EsnCore.csproj", "{993831CB-181C-4089-A41E-5B0D540FE15A}"
EndProject
Project("{FAE04EC0-301F-11D3-BF4B-00C04F79EFBC}") = "EsnServiceRegistry", "EsnServiceRegistry\EsnServiceRegistry.csproj", "{204BD68A-E852-452C-B765-6ED5B9394AED}"
EndProject
Project("{FAE04EC0-301F-11D3-BF4B-00C04F79EFBC}") = "EsnWorker", "EsnWorker\EsnWorker.csproj", "{7D182AE3-6639-4396-A68C-9672EC42C714}"
EndProject
Project("{FAE04EC0-301F-11D3-BF4B-00C04F79EFBC}") = "EsnWorker.Indexer", "EsnWorker.Indexer\EsnWorker.Indexer.csproj", "{E2205A39-5174-4327-AB40-204CD36A5FA3}"
EndProject
Global
	GlobalSection(SolutionConfigurationPlatforms) = preSolution
		Debug|Any CPU = Debug|Any CPU
		Release|Any CPU = Release|Any CPU
	EndGlobalSection
	GlobalSection(ProjectConfigurationPlatforms) = postSolution
		{993831CB-181C-4089-A41E-5B0D540FE15A}.Debug|Any CPU.ActiveCfg = Debug|Any CPU
		{993831CB-181C-4089-A41E-5B0D540FE15A}.Debug|Any CPU.Build.0 = Debug|Any CPU
		{993831CB-181C-4089-A41E-5B0D540FE15A}.Release|Any CPU.ActiveCfg = Release|Any CPU
		{993831CB-181C-4089-A41E-5B0D540FE15A}.Release|Any CPU.Build.0 = Release|Any CPU
		{204BD68A-E852-452C-B765-6ED5B9394AED}.Debug|Any CPU.ActiveCfg = Debug|Any CPU
		{204BD68A-E852-452C-B765-6ED5B9394AED}.Debug|Any CPU.Build.0 = Debug|Any CPU
		{204BD68A-E852-452C-B765-6ED5B9394AED}.Release|Any CPU.ActiveCfg = Release|Any CPU
		{204BD68A-E852-452C-B765-6ED5B9394AED}.Release|Any CPU.Build.0 = Release|Any CPU
		{7D182AE3-6639-4396-A68C-9672EC42C714}.Debug|Any CPU.ActiveCfg = Debug|Any CPU
		{7D182AE3-6639-4396-A68C-9672EC42C714}.Debug|Any CPU.Build.0 = Debug|Any CPU
		{7D182AE3-6639-4396-A68C-9672EC42C714}.Release|Any CPU.ActiveCfg = Release|Any CPU
		{7D182AE3-6639-4396-A68C-9672EC42C714}.Release|Any CPU.Build.0 = Release|Any CPU
		{E2205A39-5174-4327-AB40-204CD36A5FA3}.Debug|Any CPU.ActiveCfg = Debug|Any CPU
		{E2205A39-5174-4327-AB40-204CD36A5FA3}.Debug|Any CPU.Build.0 = Debug|Any CPU
		{E2205A39-5174-4327-AB40-204CD36A5FA3}.Release|Any CPU.ActiveCfg = Release|Any CPU
		{E2205A39-5174-4327-AB40-204CD36A5FA3}.Release|Any CPU.Build.0 = Release|Any CPU
	EndGlobalSection
	GlobalSection(SolutionProperties) = preSolution
		HideSolutionNode = FALSE
	EndGlobalSection
EndGlobal
